// !$*UTF8*$!
{
	archiveVersion = 1;
	classes = {
	};
	objectVersion = 46;
	objects = {

/* Begin PBXBuildFile section */
		1F445E341AAA325500EABB0C /* AppDelegate.swift in Sources */ = {isa = PBXBuildFile; fileRef = 1F445E331AAA325500EABB0C /* AppDelegate.swift */; };
		1F445E361AAA325500EABB0C /* ViewController.swift in Sources */ = {isa = PBXBuildFile; fileRef = 1F445E351AAA325500EABB0C /* ViewController.swift */; };
		1F445E391AAA325500EABB0C /* Main.storyboard in Resources */ = {isa = PBXBuildFile; fileRef = 1F445E371AAA325500EABB0C /* Main.storyboard */; };
		1F445E3B1AAA325500EABB0C /* Images.xcassets in Resources */ = {isa = PBXBuildFile; fileRef = 1F445E3A1AAA325500EABB0C /* Images.xcassets */; };
		1F445E3E1AAA325500EABB0C /* LaunchScreen.xib in Resources */ = {isa = PBXBuildFile; fileRef = 1F445E3C1AAA325500EABB0C /* LaunchScreen.xib */; };
		1F445E4A1AAA325500EABB0C /* DatabaseTests.swift in Sources */ = {isa = PBXBuildFile; fileRef = 1F445E491AAA325500EABB0C /* DatabaseTests.swift */; };
		1F445E541AAA33AA00EABB0C /* additionInfoCell.swift in Sources */ = {isa = PBXBuildFile; fileRef = 1F445E531AAA33AA00EABB0C /* additionInfoCell.swift */; };
/* End PBXBuildFile section */

/* Begin PBXContainerItemProxy section */
		1F445E441AAA325500EABB0C /* PBXContainerItemProxy */ = {
			isa = PBXContainerItemProxy;
			containerPortal = 1F445E261AAA325400EABB0C /* Project object */;
			proxyType = 1;
			remoteGlobalIDString = 1F445E2D1AAA325400EABB0C;
			remoteInfo = Database;
		};
/* End PBXContainerItemProxy section */

/* Begin PBXFileReference section */
		1F445E2E1AAA325400EABB0C /* Database.app */ = {isa = PBXFileReference; explicitFileType = wrapper.application; includeInIndex = 0; path = Database.app; sourceTree = BUILT_PRODUCTS_DIR; };
		1F445E321AAA325500EABB0C /* Info.plist */ = {isa = PBXFileReference; lastKnownFileType = text.plist.xml; path = Info.plist; sourceTree = "<group>"; };
		1F445E331AAA325500EABB0C /* AppDelegate.swift */ = {isa = PBXFileReference; lastKnownFileType = sourcecode.swift; path = AppDelegate.swift; sourceTree = "<group>"; };
		1F445E351AAA325500EABB0C /* ViewController.swift */ = {isa = PBXFileReference; lastKnownFileType = sourcecode.swift; path = ViewController.swift; sourceTree = "<group>"; };
		1F445E381AAA325500EABB0C /* Base */ = {isa = PBXFileReference; lastKnownFileType = file.storyboard; name = Base; path = Base.lproj/Main.storyboard; sourceTree = "<group>"; };
		1F445E3A1AAA325500EABB0C /* Images.xcassets */ = {isa = PBXFileReference; lastKnownFileType = folder.assetcatalog; path = Images.xcassets; sourceTree = "<group>"; };
		1F445E3D1AAA325500EABB0C /* Base */ = {isa = PBXFileReference; lastKnownFileType = file.xib; name = Base; path = Base.lproj/LaunchScreen.xib; sourceTree = "<group>"; };
		1F445E431AAA325500EABB0C /* DatabaseTests.xctest */ = {isa = PBXFileReference; explicitFileType = wrapper.cfbundle; includeInIndex = 0; path = DatabaseTests.xctest; sourceTree = BUILT_PRODUCTS_DIR; };
		1F445E481AAA325500EABB0C /* Info.plist */ = {isa = PBXFileReference; lastKnownFileType = text.plist.xml; path = Info.plist; sourceTree = "<group>"; };
		1F445E491AAA325500EABB0C /* DatabaseTests.swift */ = {isa = PBXFileReference; lastKnownFileType = sourcecode.swift; path = DatabaseTests.swift; sourceTree = "<group>"; };
		1F445E531AAA33AA00EABB0C /* additionInfoCell.swift */ = {isa = PBXFileReference; fileEncoding = 4; lastKnownFileType = sourcecode.swift; path = additionInfoCell.swift; sourceTree = "<group>"; };
/* End PBXFileReference section */

/* Begin PBXFrameworksBuildPhase section */
		1F445E2B1AAA325400EABB0C /* Frameworks */ = {
			isa = PBXFrameworksBuildPhase;
			buildActionMask = 2147483647;
			files = (
			);
			runOnlyForDeploymentPostprocessing = 0;
		};
		1F445E401AAA325500EABB0C /* Frameworks */ = {
			isa = PBXFrameworksBuildPhase;
			buildActionMask = 2147483647;
			files = (
			);
			runOnlyForDeploymentPostprocessing = 0;
		};
/* End PBXFrameworksBuildPhase section */

/* Begin PBXGroup section */
		1F445E251AAA325400EABB0C = {
			isa = PBXGroup;
			children = (
				1F445E301AAA325400EABB0C /* Database */,
				1F445E461AAA325500EABB0C /* DatabaseTests */,
				1F445E2F1AAA325400EABB0C /* Products */,
			);
			sourceTree = "<group>";
		};
		1F445E2F1AAA325400EABB0C /* Products */ = {
			isa = PBXGroup;
			children = (
				1F445E2E1AAA325400EABB0C /* Database.app */,
				1F445E431AAA325500EABB0C /* DatabaseTests.xctest */,
			);
			name = Products;
			sourceTree = "<group>";
		};
		1F445E301AAA325400EABB0C /* Database */ = {
			isa = PBXGroup;
			children = (
				1F445E331AAA325500EABB0C /* AppDelegate.swift */,
				1F445E351AAA325500EABB0C /* ViewController.swift */,
				1F445E371AAA325500EABB0C /* Main.storyboard */,
				1F445E531AAA33AA00EABB0C /* additionInfoCell.swift */,
				1F445E3A1AAA325500EABB0C /* Images.xcassets */,
				1F445E3C1AAA325500EABB0C /* LaunchScreen.xib */,
				1F445E311AAA325400EABB0C /* Supporting Files */,
			);
			path = Database;
			sourceTree = "<group>";
		};
		1F445E311AAA325400EABB0C /* Supporting Files */ = {
			isa = PBXGroup;
			children = (
				1F445E321AAA325500EABB0C /* Info.plist */,
			);
			name = "Supporting Files";
			sourceTree = "<group>";
		};
		1F445E461AAA325500EABB0C /* DatabaseTests */ = {
			isa = PBXGroup;
			children = (
				1F445E491AAA325500EABB0C /* DatabaseTests.swift */,
				1F445E471AAA325500EABB0C /* Supporting Files */,
			);
			path = DatabaseTests;
			sourceTree = "<group>";
		};
		1F445E471AAA325500EABB0C /* Supporting Files */ = {
			isa = PBXGroup;
			children = (
				1F445E481AAA325500EABB0C /* Info.plist */,
			);
			name = "Supporting Files";
			sourceTree = "<group>";
		};
/* End PBXGroup section */

/* Begin PBXNativeTarget section */
		1F445E2D1AAA325400EABB0C /* Database */ = {
			isa = PBXNativeTarget;
			buildConfigurationList = 1F445E4D1AAA325500EABB0C /* Build configuration list for PBXNativeTarget "Database" */;
			buildPhases = (
				1F445E2A1AAA325400EABB0C /* Sources */,
				1F445E2B1AAA325400EABB0C /* Frameworks */,
				1F445E2C1AAA325400EABB0C /* Resources */,
			);
			buildRules = (
			);
			dependencies = (
			);
			name = Database;
			productName = Database;
			productReference = 1F445E2E1AAA325400EABB0C /* Database.app */;
			productType = "com.apple.product-type.application";
		};
		1F445E421AAA325500EABB0C /* DatabaseTests */ = {
			isa = PBXNativeTarget;
			buildConfigurationList = 1F445E501AAA325500EABB0C /* Build configuration list for PBXNativeTarget "DatabaseTests" */;
			buildPhases = (
				1F445E3F1AAA325500EABB0C /* Sources */,
				1F445E401AAA325500EABB0C /* Frameworks */,
				1F445E411AAA325500EABB0C /* Resources */,
			);
			buildRules = (
			);
			dependencies = (
				1F445E451AAA325500EABB0C /* PBXTargetDependency */,
			);
			name = DatabaseTests;
			productName = DatabaseTests;
			productReference = 1F445E431AAA325500EABB0C /* DatabaseTests.xctest */;
			productType = "com.apple.product-type.bundle.unit-test";
		};
/* End PBXNativeTarget section */

/* Begin PBXProject section */
		1F445E261AAA325400EABB0C /* Project object */ = {
			isa = PBXProject;
			attributes = {
				LastUpgradeCheck = 0610;
				ORGANIZATIONNAME = "Travis Barnett";
				TargetAttributes = {
					1F445E2D1AAA325400EABB0C = {
						CreatedOnToolsVersion = 6.1.1;
					};
					1F445E421AAA325500EABB0C = {
						CreatedOnToolsVersion = 6.1.1;
						TestTargetID = 1F445E2D1AAA325400EABB0C;
					};
				};
			};
			buildConfigurationList = 1F445E291AAA325400EABB0C /* Build configuration list for PBXProject "Database" */;
			compatibilityVersion = "Xcode 3.2";
			developmentRegion = English;
			hasScannedForEncodings = 0;
			knownRegions = (
				en,
				Base,
			);
			mainGroup = 1F445E251AAA325400EABB0C;
			productRefGroup = 1F445E2F1AAA325400EABB0C /* Products */;
			projectDirPath = "";
			projectRoot = "";
			targets = (
				1F445E2D1AAA325400EABB0C /* Database */,
				1F445E421AAA325500EABB0C /* DatabaseTests */,
			);
		};
/* End PBXProject section */

/* Begin PBXResourcesBuildPhase section */
		1F445E2C1AAA325400EABB0C /* Resources */ = {
			isa = PBXResourcesBuildPhase;
			buildActionMask = 2147483647;
			files = (
				1F445E391AAA325500EABB0C /* Main.storyboard in Resources */,
				1F445E3E1AAA325500EABB0C /* LaunchScreen.xib in Resources */,
				1F445E3B1AAA325500EABB0C /* Images.xcassets in Resources */,
			);
			runOnlyForDeploymentPostprocessing = 0;
		};
		1F445E411AAA325500EABB0C /* Resources */ = {
			isa = PBXResourcesBuildPhase;
			buildActionMask = 2147483647;
			files = (
			);
			runOnlyForDeploymentPostprocessing = 0;
		};
/* End PBXResourcesBuildPhase section */

/* Begin PBXSourcesBuildPhase section */
		1F445E2A1AAA325400EABB0C /* Sources */ = {
			isa = PBXSourcesBuildPhase;
			buildActionMask = 2147483647;
			files = (
				1F445E361AAA325500EABB0C /* ViewController.swift in Sources */,
				1F445E341AAA325500EABB0C /* AppDelegate.swift in Sources */,
				1F445E541AAA33AA00EABB0C /* additionInfoCell.swift in Sources */,
			);
			runOnlyForDeploymentPostprocessing = 0;
		};
		1F445E3F1AAA325500EABB0C /* Sources */ = {
			isa = PBXSourcesBuildPhase;
			buildActionMask = 2147483647;
			files = (
				1F445E4A1AAA325500EABB0C /* DatabaseTests.swift in Sources */,
			);
			runOnlyForDeploymentPostprocessing = 0;
		};
/* End PBXSourcesBuildPhase section */

/* Begin PBXTargetDependency section */
		1F445E451AAA325500EABB0C /* PBXTargetDependency */ = {
			isa = PBXTargetDependency;
			target = 1F445E2D1AAA325400EABB0C /* Database */;
			targetProxy = 1F445E441AAA325500EABB0C /* PBXContainerItemProxy */;
		};
/* End PBXTargetDependency section */

/* Begin PBXVariantGroup section */
		1F445E371AAA325500EABB0C /* Main.storyboard */ = {
			isa = PBXVariantGroup;
			children = (
				1F445E381AAA325500EABB0C /* Base */,
			);
			name = Main.storyboard;
			sourceTree = "<group>";
		};
		1F445E3C1AAA325500EABB0C /* LaunchScreen.xib */ = {
			isa = PBXVariantGroup;
			children = (
				1F445E3D1AAA325500EABB0C /* Base */,
			);
			name = LaunchScreen.xib;
			sourceTree = "<group>";
		};
/* End PBXVariantGroup section */

/* Begin XCBuildConfiguration section */
		1F445E4B1AAA325500EABB0C /* Debug */ = {
			isa = XCBuildConfiguration;
			buildSettings = {
				ALWAYS_SEARCH_USER_PATHS = NO;
				CLANG_CXX_LANGUAGE_STANDARD = "gnu++0x";
				CLANG_CXX_LIBRARY = "libc++";
				CLANG_ENABLE_MODULES = YES;
				CLANG_ENABLE_OBJC_ARC = YES;
				CLANG_WARN_BOOL_CONVERSION = YES;
				CLANG_WARN_CONSTANT_CONVERSION = YES;
				CLANG_WARN_DIRECT_OBJC_ISA_USAGE = YES_ERROR;
				CLANG_WARN_EMPTY_BODY = YES;
				CLANG_WARN_ENUM_CONVERSION = YES;
				CLANG_WARN_INT_CONVERSION = YES;
				CLANG_WARN_OBJC_ROOT_CLASS = YES_ERROR;
				CLANG_WARN_UNREACHABLE_CODE = YES;
				CLANG_WARN__DUPLICATE_METHOD_MATCH = YES;
				"CODE_SIGN_IDENTITY[sdk=iphoneos*]" = "iPhone Developer";
				COPY_PHASE_STRIP = NO;
				ENABLE_STRICT_OBJC_MSGSEND = YES;
				GCC_C_LANGUAGE_STANDARD = gnu99;
				GCC_DYNAMIC_NO_PIC = NO;
				GCC_OPTIMIZATION_LEVEL = 0;
				GCC_PREPROCESSOR_DEFINITIONS = (
					"DEBUG=1",
					"$(inherited)",
				);
				GCC_SYMBOLS_PRIVATE_EXTERN = NO;
				GCC_WARN_64_TO_32_BIT_CONVERSION = YES;
				GCC_WARN_ABOUT_RETURN_TYPE = YES_ERROR;
				GCC_WARN_UNDECLARED_SELECTOR = YES;
				GCC_WARN_UNINITIALIZED_AUTOS = YES_AGGRESSIVE;
				GCC_WARN_UNUSED_FUNCTION = YES;
				GCC_WARN_UNUSED_VARIABLE = YES;
				IPHONEOS_DEPLOYMENT_TARGET = 8.1;
				MTL_ENABLE_DEBUG_INFO = YES;
				ONLY_ACTIVE_ARCH = YES;
				SDKROOT = iphoneos;
				SWIFT_OPTIMIZATION_LEVEL = "-Onone";
			};
			name = Debug;
		};
		1F445E4C1AAA325500EABB0C /* Release */ = {
			isa = XCBuildConfiguration;
			buildSettings = {
				ALWAYS_SEARCH_USER_PATHS = NO;
				CLANG_CXX_LANGUAGE_STANDARD = "gnu++0x";
				CLANG_CXX_LIBRARY = "libc++";
				CLANG_ENABLE_MODULES = YES;
				CLANG_ENABLE_OBJC_ARC = YES;
				CLANG_WARN_BOOL_CONVERSION = YES;
				CLANG_WARN_CONSTANT_CONVERSION = YES;
				CLANG_WARN_DIRECT_OBJC_ISA_USAGE = YES_ERROR;
				CLANG_WARN_EMPTY_BODY = YES;
				CLANG_WARN_ENUM_CONVERSION = YES;
				CLANG_WARN_INT_CONVERSION = YES;
				CLANG_WARN_OBJC_ROOT_CLASS = YES_ERROR;
				CLANG_WARN_UNREACHABLE_CODE = YES;
				CLANG_WARN__DUPLICATE_METHOD_MATCH = YES;
				"CODE_SIGN_IDENTITY[sdk=iphoneos*]" = "iPhone Developer";
				COPY_PHASE_STRIP = YES;
				ENABLE_NS_ASSERTIONS = NO;
				ENABLE_STRICT_OBJC_MSGSEND = YES;
				GCC_C_LANGUAGE_STANDARD = gnu99;
				GCC_WARN_64_TO_32_BIT_CONVERSION = YES;
				GCC_WARN_ABOUT_RETURN_TYPE = YES_ERROR;
				GCC_WARN_UNDECLARED_SELECTOR = YES;
				GCC_WARN_UNINITIALIZED_AUTOS = YES_AGGRESSIVE;
				GCC_WARN_UNUSED_FUNCTION = YES;
				GCC_WARN_UNUSED_VARIABLE = YES;
				IPHONEOS_DEPLOYMENT_TARGET = 8.1;
				MTL_ENABLE_DEBUG_INFO = NO;
				SDKROOT = iphoneos;
				VALIDATE_PRODUCT = YES;
			};
			name = Release;
		};
		1F445E4E1AAA325500EABB0C /* Debug */ = {
			isa = XCBuildConfiguration;
			buildSettings = {
				ASSETCATALOG_COMPILER_APPICON_NAME = AppIcon;
				INFOPLIST_FILE = Database/Info.plist;
				LD_RUNPATH_SEARCH_PATHS = "$(inherited) @executable_path/Frameworks";
				PRODUCT_NAME = "$(TARGET_NAME)";
			};
			name = Debug;
		};
		1F445E4F1AAA325500EABB0C /* Release */ = {
			isa = XCBuildConfiguration;
			buildSettings = {
				ASSETCATALOG_COMPILER_APPICON_NAME = AppIcon;
				INFOPLIST_FILE = Database/Info.plist;
				LD_RUNPATH_SEARCH_PATHS = "$(inherited) @executable_path/Frameworks";
				PRODUCT_NAME = "$(TARGET_NAME)";
			};
			name = Release;
		};
		1F445E511AAA325500EABB0C /* Debug */ = {
			isa = XCBuildConfiguration;
			buildSettings = {
				BUNDLE_LOADER = "$(TEST_HOST)";
				FRAMEWORK_SEARCH_PATHS = (
					"$(SDKROOT)/Developer/Library/Frameworks",
					"$(inherited)",
				);
				GCC_PREPROCESSOR_DEFINITIONS = (
					"DEBUG=1",
					"$(inherited)",
				);
				INFOPLIST_FILE = DatabaseTests/Info.plist;
				LD_RUNPATH_SEARCH_PATHS = "$(inherited) @executable_path/Frameworks @loader_path/Frameworks";
				PRODUCT_NAME = "$(TARGET_NAME)";
				TEST_HOST = "$(BUILT_PRODUCTS_DIR)/Database.app/Database";
			};
			name = Debug;
		};
		1F445E521AAA325500EABB0C /* Release */ = {
			isa = XCBuildConfiguration;
			buildSettings = {
				BUNDLE_LOADER = "$(TEST_HOST)";
				FRAMEWORK_SEARCH_PATHS = (
					"$(SDKROOT)/Developer/Library/Frameworks",
					"$(inherited)",
				);
				INFOPLIST_FILE = DatabaseTests/Info.plist;
				LD_RUNPATH_SEARCH_PATHS = "$(inherited) @executable_path/Frameworks @loader_path/Frameworks";
				PRODUCT_NAME = "$(TARGET_NAME)";
				TEST_HOST = "$(BUILT_PRODUCTS_DIR)/Database.app/Database";
			};
			name = Release;
		};
/* End XCBuildConfiguration section */

/* Begin XCConfigurationList section */
		1F445E291AAA325400EABB0C /* Build configuration list for PBXProject "Database" */ = {
			isa = XCConfigurationList;
			buildConfigurations = (
				1F445E4B1AAA325500EABB0C /* Debug */,
				1F445E4C1AAA325500EABB0C /* Release */,
			);
			defaultConfigurationIsVisible = 0;
			defaultConfigurationName = Release;
		};
		1F445E4D1AAA325500EABB0C /* Build configuration list for PBXNativeTarget "Database" */ = {
			isa = XCConfigurationList;
			buildConfigurations = (
				1F445E4E1AAA325500EABB0C /* Debug */,
				1F445E4F1AAA325500EABB0C /* Release */,
			);
			defaultConfigurationIsVisible = 0;
		};
		1F445E501AAA325500EABB0C /* Build configuration list for PBXNativeTarget "DatabaseTests" */ = {
			isa = XCConfigurationList;
			buildConfigurations = (
				1F445E511AAA325500EABB0C /* Debug */,
				1F445E521AAA325500EABB0C /* Release */,
			);
			defaultConfigurationIsVisible = 0;
		};
/* End XCConfigurationList section */
	};
	rootObject = 1F445E261AAA325400EABB0C /* Project object */;
}
